// !$*UTF8*$!
{
	archiveVersion = 1;
	classes = {
	};
	objectVersion = 50;
	objects = {

/* Begin PBXBuildFile section */
		B78A765726B09CBE00B46082 /* AppDelegate.swift in Sources */ = {isa = PBXBuildFile; fileRef = B78A765626B09CBE00B46082 /* AppDelegate.swift */; };
		B78A765926B09CBE00B46082 /* SceneDelegate.swift in Sources */ = {isa = PBXBuildFile; fileRef = B78A765826B09CBE00B46082 /* SceneDelegate.swift */; };
		B78A765B26B09CBE00B46082 /* ViewController.swift in Sources */ = {isa = PBXBuildFile; fileRef = B78A765A26B09CBE00B46082 /* ViewController.swift */; };
		B78A766026B09CBF00B46082 /* Assets.xcassets in Resources */ = {isa = PBXBuildFile; fileRef = B78A765F26B09CBF00B46082 /* Assets.xcassets */; };
		B78A766326B09CBF00B46082 /* LaunchScreen.storyboard in Resources */ = {isa = PBXBuildFile; fileRef = B78A766126B09CBF00B46082 /* LaunchScreen.storyboard */; };
		B78A767226B0A3B200B46082 /* UIFontExtension.swift in Sources */ = {isa = PBXBuildFile; fileRef = B78A767126B0A3B200B46082 /* UIFontExtension.swift */; };
		B78A767826B0A61300B46082 /* HomeViewController.swift in Sources */ = {isa = PBXBuildFile; fileRef = B78A767626B0A61300B46082 /* HomeViewController.swift */; };
		B78A767926B0A61300B46082 /* HomeViewController.xib in Resources */ = {isa = PBXBuildFile; fileRef = B78A767726B0A61300B46082 /* HomeViewController.xib */; };
		B78A767E26B0A9C700B46082 /* YellowRoundedButton.swift in Sources */ = {isa = PBXBuildFile; fileRef = B78A767D26B0A9C700B46082 /* YellowRoundedButton.swift */; };
		B78A768226B0C49900B46082 /* QuestionViewController.swift in Sources */ = {isa = PBXBuildFile; fileRef = B78A768026B0C49900B46082 /* QuestionViewController.swift */; };
		B78A768326B0C49900B46082 /* QuestionViewController.xib in Resources */ = {isa = PBXBuildFile; fileRef = B78A768126B0C49900B46082 /* QuestionViewController.xib */; };
		B7C30E1426B2FF9200A7615D /* questionsModel.swift in Sources */ = {isa = PBXBuildFile; fileRef = B7C30E1326B2FF9200A7615D /* questionsModel.swift */; };
		B7C30E1826B33A5100A7615D /* ResultViewController.swift in Sources */ = {isa = PBXBuildFile; fileRef = B7C30E1626B33A5100A7615D /* ResultViewController.swift */; };
		B7C30E1926B33A5100A7615D /* ResultViewController.xib in Resources */ = {isa = PBXBuildFile; fileRef = B7C30E1726B33A5100A7615D /* ResultViewController.xib */; };
		B7C30E1B26B346AB00A7615D /* resultModel.swift in Sources */ = {isa = PBXBuildFile; fileRef = B7C30E1A26B346AB00A7615D /* resultModel.swift */; };
		B7F562AF26B18F5300483147 /* CustomUIView.swift in Sources */ = {isa = PBXBuildFile; fileRef = B7F562AE26B18F5300483147 /* CustomUIView.swift */; };
		B7F562B126B18FBF00483147 /* SelectItemView.swift in Sources */ = {isa = PBXBuildFile; fileRef = B7F562B026B18FBF00483147 /* SelectItemView.swift */; };
		B7F562B326B1948800483147 /* SelectItemView.xib in Resources */ = {isa = PBXBuildFile; fileRef = B7F562B226B1948800483147 /* SelectItemView.xib */; };
/* End PBXBuildFile section */

/* Begin PBXFileReference section */
		B78A765326B09CBE00B46082 /* Picapau Memes.app */ = {isa = PBXFileReference; explicitFileType = wrapper.application; includeInIndex = 0; path = "Picapau Memes.app"; sourceTree = BUILT_PRODUCTS_DIR; };
		B78A765626B09CBE00B46082 /* AppDelegate.swift */ = {isa = PBXFileReference; lastKnownFileType = sourcecode.swift; path = AppDelegate.swift; sourceTree = "<group>"; };
		B78A765826B09CBE00B46082 /* SceneDelegate.swift */ = {isa = PBXFileReference; lastKnownFileType = sourcecode.swift; path = SceneDelegate.swift; sourceTree = "<group>"; };
		B78A765A26B09CBE00B46082 /* ViewController.swift */ = {isa = PBXFileReference; lastKnownFileType = sourcecode.swift; path = ViewController.swift; sourceTree = "<group>"; };
		B78A765F26B09CBF00B46082 /* Assets.xcassets */ = {isa = PBXFileReference; lastKnownFileType = folder.assetcatalog; path = Assets.xcassets; sourceTree = "<group>"; };
		B78A766226B09CBF00B46082 /* Base */ = {isa = PBXFileReference; lastKnownFileType = file.storyboard; name = Base; path = Base.lproj/LaunchScreen.storyboard; sourceTree = "<group>"; };
		B78A766426B09CBF00B46082 /* Info.plist */ = {isa = PBXFileReference; lastKnownFileType = text.plist.xml; path = Info.plist; sourceTree = "<group>"; };
		B78A767126B0A3B200B46082 /* UIFontExtension.swift */ = {isa = PBXFileReference; lastKnownFileType = sourcecode.swift; path = UIFontExtension.swift; sourceTree = "<group>"; };
		B78A767626B0A61300B46082 /* HomeViewController.swift */ = {isa = PBXFileReference; lastKnownFileType = sourcecode.swift; path = HomeViewController.swift; sourceTree = "<group>"; };
		B78A767726B0A61300B46082 /* HomeViewController.xib */ = {isa = PBXFileReference; lastKnownFileType = file.xib; path = HomeViewController.xib; sourceTree = "<group>"; };
		B78A767D26B0A9C700B46082 /* YellowRoundedButton.swift */ = {isa = PBXFileReference; lastKnownFileType = sourcecode.swift; path = YellowRoundedButton.swift; sourceTree = "<group>"; };
		B78A768026B0C49900B46082 /* QuestionViewController.swift */ = {isa = PBXFileReference; lastKnownFileType = sourcecode.swift; path = QuestionViewController.swift; sourceTree = "<group>"; };
		B78A768126B0C49900B46082 /* QuestionViewController.xib */ = {isa = PBXFileReference; lastKnownFileType = file.xib; path = QuestionViewController.xib; sourceTree = "<group>"; };
		B7C30E1326B2FF9200A7615D /* questionsModel.swift */ = {isa = PBXFileReference; lastKnownFileType = sourcecode.swift; path = questionsModel.swift; sourceTree = "<group>"; };
		B7C30E1626B33A5100A7615D /* ResultViewController.swift */ = {isa = PBXFileReference; lastKnownFileType = sourcecode.swift; path = ResultViewController.swift; sourceTree = "<group>"; };
		B7C30E1726B33A5100A7615D /* ResultViewController.xib */ = {isa = PBXFileReference; lastKnownFileType = file.xib; path = ResultViewController.xib; sourceTree = "<group>"; };
		B7C30E1A26B346AB00A7615D /* resultModel.swift */ = {isa = PBXFileReference; lastKnownFileType = sourcecode.swift; path = resultModel.swift; sourceTree = "<group>"; };
		B7F562AE26B18F5300483147 /* CustomUIView.swift */ = {isa = PBXFileReference; fileEncoding = 4; lastKnownFileType = sourcecode.swift; path = CustomUIView.swift; sourceTree = "<group>"; };
		B7F562B026B18FBF00483147 /* SelectItemView.swift */ = {isa = PBXFileReference; lastKnownFileType = sourcecode.swift; path = SelectItemView.swift; sourceTree = "<group>"; };
		B7F562B226B1948800483147 /* SelectItemView.xib */ = {isa = PBXFileReference; lastKnownFileType = file.xib; path = SelectItemView.xib; sourceTree = "<group>"; };
/* End PBXFileReference section */

/* Begin PBXFrameworksBuildPhase section */
		B78A765026B09CBE00B46082 /* Frameworks */ = {
			isa = PBXFrameworksBuildPhase;
			buildActionMask = 2147483647;
			files = (
			);
			runOnlyForDeploymentPostprocessing = 0;
		};
/* End PBXFrameworksBuildPhase section */

/* Begin PBXGroup section */
		B78A764A26B09CBE00B46082 = {
			isa = PBXGroup;
			children = (
				B78A765526B09CBE00B46082 /* Picapau Memes */,
				B78A765426B09CBE00B46082 /* Products */,
			);
			sourceTree = "<group>";
		};
		B78A765426B09CBE00B46082 /* Products */ = {
			isa = PBXGroup;
			children = (
				B78A765326B09CBE00B46082 /* Picapau Memes.app */,
			);
			name = Products;
			sourceTree = "<group>";
		};
		B78A765526B09CBE00B46082 /* Picapau Memes */ = {
			isa = PBXGroup;
			children = (
				B7C30E1226B2FF7800A7615D /* Model */,
				B78A767C26B0A9A100B46082 /* Components */,
				B78A767326B0A5B600B46082 /* HomeViewController */,
				B78A767F26B0C46B00B46082 /* QuestionViewController */,
				B7C30E1526B33A2C00A7615D /* ResultViewController */,
				B78A767026B0A36700B46082 /* Extensions */,
				B78A765626B09CBE00B46082 /* AppDelegate.swift */,
				B78A765826B09CBE00B46082 /* SceneDelegate.swift */,
				B78A765A26B09CBE00B46082 /* ViewController.swift */,
				B78A765F26B09CBF00B46082 /* Assets.xcassets */,
				B78A766126B09CBF00B46082 /* LaunchScreen.storyboard */,
				B78A766426B09CBF00B46082 /* Info.plist */,
			);
			path = "Picapau Memes";
			sourceTree = "<group>";
		};
		B78A767026B0A36700B46082 /* Extensions */ = {
			isa = PBXGroup;
			children = (
				B78A767126B0A3B200B46082 /* UIFontExtension.swift */,
			);
			path = Extensions;
			sourceTree = "<group>";
		};
		B78A767326B0A5B600B46082 /* HomeViewController */ = {
			isa = PBXGroup;
			children = (
				B78A767626B0A61300B46082 /* HomeViewController.swift */,
				B78A767726B0A61300B46082 /* HomeViewController.xib */,
			);
			path = HomeViewController;
			sourceTree = "<group>";
		};
		B78A767C26B0A9A100B46082 /* Components */ = {
			isa = PBXGroup;
			children = (
				B7F5629B26B17A4E00483147 /* SelectItem */,
				B78A767D26B0A9C700B46082 /* YellowRoundedButton.swift */,
				B7F562AE26B18F5300483147 /* CustomUIView.swift */,
			);
			path = Components;
			sourceTree = "<group>";
		};
		B78A767F26B0C46B00B46082 /* QuestionViewController */ = {
			isa = PBXGroup;
			children = (
				B78A768026B0C49900B46082 /* QuestionViewController.swift */,
				B78A768126B0C49900B46082 /* QuestionViewController.xib */,
			);
			path = QuestionViewController;
			sourceTree = "<group>";
		};
		B7C30E1226B2FF7800A7615D /* Model */ = {
			isa = PBXGroup;
			children = (
				B7C30E1326B2FF9200A7615D /* questionsModel.swift */,
				B7C30E1A26B346AB00A7615D /* resultModel.swift */,
			);
			path = Model;
			sourceTree = "<group>";
		};
		B7C30E1526B33A2C00A7615D /* ResultViewController */ = {
			isa = PBXGroup;
			children = (
				B7C30E1626B33A5100A7615D /* ResultViewController.swift */,
				B7C30E1726B33A5100A7615D /* ResultViewController.xib */,
			);
			path = ResultViewController;
			sourceTree = "<group>";
		};
		B7F5629B26B17A4E00483147 /* SelectItem */ = {
			isa = PBXGroup;
			children = (
				B7F562B026B18FBF00483147 /* SelectItemView.swift */,
				B7F562B226B1948800483147 /* SelectItemView.xib */,
			);
			path = SelectItem;
			sourceTree = "<group>";
		};
/* End PBXGroup section */

/* Begin PBXNativeTarget section */
		B78A765226B09CBE00B46082 /* Picapau Memes */ = {
			isa = PBXNativeTarget;
			buildConfigurationList = B78A766726B09CBF00B46082 /* Build configuration list for PBXNativeTarget "Picapau Memes" */;
			buildPhases = (
				B78A764F26B09CBE00B46082 /* Sources */,
				B78A765026B09CBE00B46082 /* Frameworks */,
				B78A765126B09CBE00B46082 /* Resources */,
			);
			buildRules = (
			);
			dependencies = (
			);
			name = "Picapau Memes";
			productName = "Picapau Memes";
			productReference = B78A765326B09CBE00B46082 /* Picapau Memes.app */;
			productType = "com.apple.product-type.application";
		};
/* End PBXNativeTarget section */

/* Begin PBXProject section */
		B78A764B26B09CBE00B46082 /* Project object */ = {
			isa = PBXProject;
			attributes = {
				LastSwiftUpdateCheck = 1250;
				LastUpgradeCheck = 1250;
				TargetAttributes = {
					B78A765226B09CBE00B46082 = {
						CreatedOnToolsVersion = 12.5.1;
					};
				};
			};
			buildConfigurationList = B78A764E26B09CBE00B46082 /* Build configuration list for PBXProject "Picapau Memes" */;
			compatibilityVersion = "Xcode 9.3";
			developmentRegion = en;
			hasScannedForEncodings = 0;
			knownRegions = (
				en,
				Base,
			);
			mainGroup = B78A764A26B09CBE00B46082;
			productRefGroup = B78A765426B09CBE00B46082 /* Products */;
			projectDirPath = "";
			projectRoot = "";
			targets = (
				B78A765226B09CBE00B46082 /* Picapau Memes */,
			);
		};
/* End PBXProject section */

/* Begin PBXResourcesBuildPhase section */
		B78A765126B09CBE00B46082 /* Resources */ = {
			isa = PBXResourcesBuildPhase;
			buildActionMask = 2147483647;
			files = (
				B78A766326B09CBF00B46082 /* LaunchScreen.storyboard in Resources */,
				B7C30E1926B33A5100A7615D /* ResultViewController.xib in Resources */,
				B78A766026B09CBF00B46082 /* Assets.xcassets in Resources */,
				B7F562B326B1948800483147 /* SelectItemView.xib in Resources */,
				B78A768326B0C49900B46082 /* QuestionViewController.xib in Resources */,
				B78A767926B0A61300B46082 /* HomeViewController.xib in Resources */,
			);
			runOnlyForDeploymentPostprocessing = 0;
		};
/* End PBXResourcesBuildPhase section */

/* Begin PBXSourcesBuildPhase section */
		B78A764F26B09CBE00B46082 /* Sources */ = {
			isa = PBXSourcesBuildPhase;
			buildActionMask = 2147483647;
			files = (
				B7C30E1B26B346AB00A7615D /* resultModel.swift in Sources */,
				B78A767826B0A61300B46082 /* HomeViewController.swift in Sources */,
				B7F562AF26B18F5300483147 /* CustomUIView.swift in Sources */,
				B78A767E26B0A9C700B46082 /* YellowRoundedButton.swift in Sources */,
				B78A768226B0C49900B46082 /* QuestionViewController.swift in Sources */,
				B78A765B26B09CBE00B46082 /* ViewController.swift in Sources */,
				B7C30E1426B2FF9200A7615D /* questionsModel.swift in Sources */,
				B78A765726B09CBE00B46082 /* AppDelegate.swift in Sources */,
				B78A767226B0A3B200B46082 /* UIFontExtension.swift in Sources */,
				B7F562B126B18FBF00483147 /* SelectItemView.swift in Sources */,
				B78A765926B09CBE00B46082 /* SceneDelegate.swift in Sources */,
				B7C30E1826B33A5100A7615D /* ResultViewController.swift in Sources */,
			);
			runOnlyForDeploymentPostprocessing = 0;
		};
/* End PBXSourcesBuildPhase section */

/* Begin PBXVariantGroup section */
		B78A766126B09CBF00B46082 /* LaunchScreen.storyboard */ = {
			isa = PBXVariantGroup;
			children = (
				B78A766226B09CBF00B46082 /* Base */,
			);
			name = LaunchScreen.storyboard;
			sourceTree = "<group>";
		};
/* End PBXVariantGroup section */

/* Begin XCBuildConfiguration section */
		B78A766526B09CBF00B46082 /* Debug */ = {
			isa = XCBuildConfiguration;
			buildSettings = {
				ALWAYS_SEARCH_USER_PATHS = NO;
				CLANG_ANALYZER_NONNULL = YES;
				CLANG_ANALYZER_NUMBER_OBJECT_CONVERSION = YES_AGGRESSIVE;
				CLANG_CXX_LANGUAGE_STANDARD = "gnu++14";
				CLANG_CXX_LIBRARY = "libc++";
				CLANG_ENABLE_MODULES = YES;
				CLANG_ENABLE_OBJC_ARC = YES;
				CLANG_ENABLE_OBJC_WEAK = YES;
				CLANG_WARN_BLOCK_CAPTURE_AUTORELEASING = YES;
				CLANG_WARN_BOOL_CONVERSION = YES;
				CLANG_WARN_COMMA = YES;
				CLANG_WARN_CONSTANT_CONVERSION = YES;
				CLANG_WARN_DEPRECATED_OBJC_IMPLEMENTATIONS = YES;
				CLANG_WARN_DIRECT_OBJC_ISA_USAGE = YES_ERROR;
				CLANG_WARN_DOCUMENTATION_COMMENTS = YES;
				CLANG_WARN_EMPTY_BODY = YES;
				CLANG_WARN_ENUM_CONVERSION = YES;
				CLANG_WARN_INFINITE_RECURSION = YES;
				CLANG_WARN_INT_CONVERSION = YES;
				CLANG_WARN_NON_LITERAL_NULL_CONVERSION = YES;
				CLANG_WARN_OBJC_IMPLICIT_RETAIN_SELF = YES;
				CLANG_WARN_OBJC_LITERAL_CONVERSION = YES;
				CLANG_WARN_OBJC_ROOT_CLASS = YES_ERROR;
				CLANG_WARN_QUOTED_INCLUDE_IN_FRAMEWORK_HEADER = YES;
				CLANG_WARN_RANGE_LOOP_ANALYSIS = YES;
				CLANG_WARN_STRICT_PROTOTYPES = YES;
				CLANG_WARN_SUSPICIOUS_MOVE = YES;
				CLANG_WARN_UNGUARDED_AVAILABILITY = YES_AGGRESSIVE;
				CLANG_WARN_UNREACHABLE_CODE = YES;
				CLANG_WARN__DUPLICATE_METHOD_MATCH = YES;
				COPY_PHASE_STRIP = NO;
				DEBUG_INFORMATION_FORMAT = dwarf;
				ENABLE_STRICT_OBJC_MSGSEND = YES;
				ENABLE_TESTABILITY = YES;
				GCC_C_LANGUAGE_STANDARD = gnu11;
				GCC_DYNAMIC_NO_PIC = NO;
				GCC_NO_COMMON_BLOCKS = YES;
				GCC_OPTIMIZATION_LEVEL = 0;
				GCC_PREPROCESSOR_DEFINITIONS = (
					"DEBUG=1",
					"$(inherited)",
				);
				GCC_WARN_64_TO_32_BIT_CONVERSION = YES;
				GCC_WARN_ABOUT_RETURN_TYPE = YES_ERROR;
				GCC_WARN_UNDECLARED_SELECTOR = YES;
				GCC_WARN_UNINITIALIZED_AUTOS = YES_AGGRESSIVE;
				GCC_WARN_UNUSED_FUNCTION = YES;
				GCC_WARN_UNUSED_VARIABLE = YES;
				IPHONEOS_DEPLOYMENT_TARGET = 14.5;
				MTL_ENABLE_DEBUG_INFO = INCLUDE_SOURCE;
				MTL_FAST_MATH = YES;
				ONLY_ACTIVE_ARCH = YES;
				SDKROOT = iphoneos;
				SWIFT_ACTIVE_COMPILATION_CONDITIONS = DEBUG;
				SWIFT_OPTIMIZATION_LEVEL = "-Onone";
			};
			name = Debug;
		};
		B78A766626B09CBF00B46082 /* Release */ = {
			isa = XCBuildConfiguration;
			buildSettings = {
				ALWAYS_SEARCH_USER_PATHS = NO;
				CLANG_ANALYZER_NONNULL = YES;
				CLANG_ANALYZER_NUMBER_OBJECT_CONVERSION = YES_AGGRESSIVE;
				CLANG_CXX_LANGUAGE_STANDARD = "gnu++14";
				CLANG_CXX_LIBRARY = "libc++";
				CLANG_ENABLE_MODULES = YES;
				CLANG_ENABLE_OBJC_ARC = YES;
				CLANG_ENABLE_OBJC_WEAK = YES;
				CLANG_WARN_BLOCK_CAPTURE_AUTORELEASING = YES;
				CLANG_WARN_BOOL_CONVERSION = YES;
				CLANG_WARN_COMMA = YES;
				CLANG_WARN_CONSTANT_CONVERSION = YES;
				CLANG_WARN_DEPRECATED_OBJC_IMPLEMENTATIONS = YES;
				CLANG_WARN_DIRECT_OBJC_ISA_USAGE = YES_ERROR;
				CLANG_WARN_DOCUMENTATION_COMMENTS = YES;
				CLANG_WARN_EMPTY_BODY = YES;
				CLANG_WARN_ENUM_CONVERSION = YES;
				CLANG_WARN_INFINITE_RECURSION = YES;
				CLANG_WARN_INT_CONVERSION = YES;
				CLANG_WARN_NON_LITERAL_NULL_CONVERSION = YES;
				CLANG_WARN_OBJC_IMPLICIT_RETAIN_SELF = YES;
				CLANG_WARN_OBJC_LITERAL_CONVERSION = YES;
				CLANG_WARN_OBJC_ROOT_CLASS = YES_ERROR;
				CLANG_WARN_QUOTED_INCLUDE_IN_FRAMEWORK_HEADER = YES;
				CLANG_WARN_RANGE_LOOP_ANALYSIS = YES;
				CLANG_WARN_STRICT_PROTOTYPES = YES;
				CLANG_WARN_SUSPICIOUS_MOVE = YES;
				CLANG_WARN_UNGUARDED_AVAILABILITY = YES_AGGRESSIVE;
				CLANG_WARN_UNREACHABLE_CODE = YES;
				CLANG_WARN__DUPLICATE_METHOD_MATCH = YES;
				COPY_PHASE_STRIP = NO;
				DEBUG_INFORMATION_FORMAT = "dwarf-with-dsym";
				ENABLE_NS_ASSERTIONS = NO;
				ENABLE_STRICT_OBJC_MSGSEND = YES;
				GCC_C_LANGUAGE_STANDARD = gnu11;
				GCC_NO_COMMON_BLOCKS = YES;
				GCC_WARN_64_TO_32_BIT_CONVERSION = YES;
				GCC_WARN_ABOUT_RETURN_TYPE = YES_ERROR;
				GCC_WARN_UNDECLARED_SELECTOR = YES;
				GCC_WARN_UNINITIALIZED_AUTOS = YES_AGGRESSIVE;
				GCC_WARN_UNUSED_FUNCTION = YES;
				GCC_WARN_UNUSED_VARIABLE = YES;
				IPHONEOS_DEPLOYMENT_TARGET = 14.5;
				MTL_ENABLE_DEBUG_INFO = NO;
				MTL_FAST_MATH = YES;
				SDKROOT = iphoneos;
				SWIFT_COMPILATION_MODE = wholemodule;
				SWIFT_OPTIMIZATION_LEVEL = "-O";
				VALIDATE_PRODUCT = YES;
			};
			name = Release;
		};
		B78A766826B09CBF00B46082 /* Debug */ = {
			isa = XCBuildConfiguration;
			buildSettings = {
				ASSETCATALOG_COMPILER_APPICON_NAME = AppIcon;
				ASSETCATALOG_COMPILER_GLOBAL_ACCENT_COLOR_NAME = AccentColor;
				CODE_SIGN_STYLE = Automatic;
				DEVELOPMENT_TEAM = Y7XR3D999P;
				INFOPLIST_FILE = "Picapau Memes/Info.plist";
				LD_RUNPATH_SEARCH_PATHS = (
					"$(inherited)",
					"@executable_path/Frameworks",
				);
				PRODUCT_BUNDLE_IDENTIFIER = "com.djenifer.Picapau-Memes";
				PRODUCT_NAME = "$(TARGET_NAME)";
				SWIFT_VERSION = 5.0;
				TARGETED_DEVICE_FAMILY = "1,2";
			};
			name = Debug;
		};
		B78A766926B09CBF00B46082 /* Release */ = {
			isa = XCBuildConfiguration;
			buildSettings = {
				ASSETCATALOG_COMPILER_APPICON_NAME = AppIcon;
				ASSETCATALOG_COMPILER_GLOBAL_ACCENT_COLOR_NAME = AccentColor;
				CODE_SIGN_STYLE = Automatic;
				DEVELOPMENT_TEAM = Y7XR3D999P;
				INFOPLIST_FILE = "Picapau Memes/Info.plist";
				LD_RUNPATH_SEARCH_PATHS = (
					"$(inherited)",
					"@executable_path/Frameworks",
				);
				PRODUCT_BUNDLE_IDENTIFIER = "com.djenifer.Picapau-Memes";
				PRODUCT_NAME = "$(TARGET_NAME)";
				SWIFT_VERSION = 5.0;
				TARGETED_DEVICE_FAMILY = "1,2";
			};
			name = Release;
		};
/* End XCBuildConfiguration section */

/* Begin XCConfigurationList section */
		B78A764E26B09CBE00B46082 /* Build configuration list for PBXProject "Picapau Memes" */ = {
			isa = XCConfigurationList;
			buildConfigurations = (
				B78A766526B09CBF00B46082 /* Debug */,
				B78A766626B09CBF00B46082 /* Release */,
			);
			defaultConfigurationIsVisible = 0;
			defaultConfigurationName = Release;
		};
		B78A766726B09CBF00B46082 /* Build configuration list for PBXNativeTarget "Picapau Memes" */ = {
			isa = XCConfigurationList;
			buildConfigurations = (
				B78A766826B09CBF00B46082 /* Debug */,
				B78A766926B09CBF00B46082 /* Release */,
			);
			defaultConfigurationIsVisible = 0;
			defaultConfigurationName = Release;
		};
/* End XCConfigurationList section */
	};
	rootObject = B78A764B26B09CBE00B46082 /* Project object */;
}
